
Microsoft Visual Studio Solution File, Format Version 12.00
# Visual Studio Version 17
VisualStudioVersion = 17.14.36414.22
MinimumVisualStudioVersion = 10.0.40219.1
Project("{FAE04EC0-301F-11D3-BF4B-00C04F79EFBC}") = "BackupManager", "BackupManager.csproj", "{F00030C2-8D60-42E6-9C82-05BC9651BA19}"
EndProject
Project("{FAE04EC0-301F-11D3-BF4B-00C04F79EFBC}") = "BackupManagerConsole", "..\BackupManagerConsole\BackupManagerConsole.csproj", "{57E8FFBA-9622-42D3-8B2F-EFBD4AD86A7C}"
EndProject
Global
	GlobalSection(SolutionConfigurationPlatforms) = preSolution
		Debug|Any CPU = Debug|Any CPU
		Release|Any CPU = Release|Any CPU
	EndGlobalSection
	GlobalSection(ProjectConfigurationPlatforms) = postSolution
		{F00030C2-8D60-42E6-9C82-05BC9651BA19}.Debug|Any CPU.ActiveCfg = Debug|Any CPU
		{F00030C2-8D60-42E6-9C82-05BC9651BA19}.Debug|Any CPU.Build.0 = Debug|Any CPU
		{F00030C2-8D60-42E6-9C82-05BC9651BA19}.Release|Any CPU.ActiveCfg = Release|Any CPU
		{F00030C2-8D60-42E6-9C82-05BC9651BA19}.Release|Any CPU.Build.0 = Release|Any CPU
		{57E8FFBA-9622-42D3-8B2F-EFBD4AD86A7C}.Debug|Any CPU.ActiveCfg = Debug|Any CPU
		{57E8FFBA-9622-42D3-8B2F-EFBD4AD86A7C}.Debug|Any CPU.Build.0 = Debug|Any CPU
		{57E8FFBA-9622-42D3-8B2F-EFBD4AD86A7C}.Release|Any CPU.ActiveCfg = Release|Any CPU
		{57E8FFBA-9622-42D3-8B2F-EFBD4AD86A7C}.Release|Any CPU.Build.0 = Release|Any CPU
	EndGlobalSection
	GlobalSection(SolutionProperties) = preSolution
		HideSolutionNode = FALSE
	EndGlobalSection
	GlobalSection(ExtensibilityGlobals) = postSolution
		SolutionGuid = {24D645DC-C5C3-448D-8AA8-9F17DDA1F703}
	EndGlobalSection
EndGlobal
